
Microsoft Visual Studio Solution File, Format Version 12.00
# Visual Studio Version 17
VisualStudioVersion = 17.8.34330.188
MinimumVisualStudioVersion = 10.0.40219.1
Project("{9A19103F-16F7-4668-BE54-9A1E7A4F7556}") = "BlagoevgradArt", "BlagoevgradArt\BlagoevgradArt.csproj", "{5CD79BC8-2B36-40B5-97FE-FB6463C02D76}"
EndProject
Project("{9A19103F-16F7-4668-BE54-9A1E7A4F7556}") = "BlagoevgradArt.Core", "BlagoevgradArt.Core\BlagoevgradArt.Core.csproj", "{40989535-68B8-4F41-9F40-643F7187A27B}"
EndProject
Project("{9A19103F-16F7-4668-BE54-9A1E7A4F7556}") = "BlagoevgradArt.Infrastructure", "BlagoevgradArt.Infrastructure\BlagoevgradArt.Infrastructure.csproj", "{C8DBC6AF-125A-4F91-93F4-3BD10248D381}"
EndProject
Project("{FAE04EC0-301F-11D3-BF4B-00C04F79EFBC}") = "BlagoevgradArt.Tests", "BlagoevgradArt.Tests\BlagoevgradArt.Tests.csproj", "{927234EE-F452-4827-95EE-60D95E919BC2}"
EndProject
Global
	GlobalSection(SolutionConfigurationPlatforms) = preSolution
		Debug|Any CPU = Debug|Any CPU
		Release|Any CPU = Release|Any CPU
	EndGlobalSection
	GlobalSection(ProjectConfigurationPlatforms) = postSolution
		{5CD79BC8-2B36-40B5-97FE-FB6463C02D76}.Debug|Any CPU.ActiveCfg = Debug|Any CPU
		{5CD79BC8-2B36-40B5-97FE-FB6463C02D76}.Debug|Any CPU.Build.0 = Debug|Any CPU
		{5CD79BC8-2B36-40B5-97FE-FB6463C02D76}.Release|Any CPU.ActiveCfg = Release|Any CPU
		{5CD79BC8-2B36-40B5-97FE-FB6463C02D76}.Release|Any CPU.Build.0 = Release|Any CPU
		{40989535-68B8-4F41-9F40-643F7187A27B}.Debug|Any CPU.ActiveCfg = Debug|Any CPU
		{40989535-68B8-4F41-9F40-643F7187A27B}.Debug|Any CPU.Build.0 = Debug|Any CPU
		{40989535-68B8-4F41-9F40-643F7187A27B}.Release|Any CPU.ActiveCfg = Release|Any CPU
		{40989535-68B8-4F41-9F40-643F7187A27B}.Release|Any CPU.Build.0 = Release|Any CPU
		{C8DBC6AF-125A-4F91-93F4-3BD10248D381}.Debug|Any CPU.ActiveCfg = Debug|Any CPU
		{C8DBC6AF-125A-4F91-93F4-3BD10248D381}.Debug|Any CPU.Build.0 = Debug|Any CPU
		{C8DBC6AF-125A-4F91-93F4-3BD10248D381}.Release|Any CPU.ActiveCfg = Release|Any CPU
		{C8DBC6AF-125A-4F91-93F4-3BD10248D381}.Release|Any CPU.Build.0 = Release|Any CPU
		{927234EE-F452-4827-95EE-60D95E919BC2}.Debug|Any CPU.ActiveCfg = Debug|Any CPU
		{927234EE-F452-4827-95EE-60D95E919BC2}.Debug|Any CPU.Build.0 = Debug|Any CPU
		{927234EE-F452-4827-95EE-60D95E919BC2}.Release|Any CPU.ActiveCfg = Release|Any CPU
		{927234EE-F452-4827-95EE-60D95E919BC2}.Release|Any CPU.Build.0 = Release|Any CPU
	EndGlobalSection
	GlobalSection(SolutionProperties) = preSolution
		HideSolutionNode = FALSE
	EndGlobalSection
	GlobalSection(ExtensibilityGlobals) = postSolution
		SolutionGuid = {C9B94764-DB3E-4F4F-85AB-9BC08C6D7DF9}
	EndGlobalSection
EndGlobal
